// !$*UTF8*$!
{
	archiveVersion = 1;
	classes = {
	};
	objectVersion = 50;
	objects = {

/* Begin PBXBuildFile section */
		F9A5CC5625687EEB00577266 /* AppDelegate.swift in Sources */ = {isa = PBXBuildFile; fileRef = F9A5CC5525687EEB00577266 /* AppDelegate.swift */; };
		F9A5CC5825687EEB00577266 /* SceneDelegate.swift in Sources */ = {isa = PBXBuildFile; fileRef = F9A5CC5725687EEB00577266 /* SceneDelegate.swift */; };
		F9A5CC5A25687EEB00577266 /* ViewController.swift in Sources */ = {isa = PBXBuildFile; fileRef = F9A5CC5925687EEB00577266 /* ViewController.swift */; };
		F9A5CC5D25687EEB00577266 /* Main.storyboard in Resources */ = {isa = PBXBuildFile; fileRef = F9A5CC5B25687EEB00577266 /* Main.storyboard */; };
		F9A5CC5F25687EEE00577266 /* Assets.xcassets in Resources */ = {isa = PBXBuildFile; fileRef = F9A5CC5E25687EEE00577266 /* Assets.xcassets */; };
		F9A5CC6225687EEE00577266 /* LaunchScreen.storyboard in Resources */ = {isa = PBXBuildFile; fileRef = F9A5CC6025687EEE00577266 /* LaunchScreen.storyboard */; };
		F9A5CC6D25687EEE00577266 /* MusicShopAppTests.swift in Sources */ = {isa = PBXBuildFile; fileRef = F9A5CC6C25687EEE00577266 /* MusicShopAppTests.swift */; };
		F9A5CC7825687EEE00577266 /* MusicShopAppUITests.swift in Sources */ = {isa = PBXBuildFile; fileRef = F9A5CC7725687EEE00577266 /* MusicShopAppUITests.swift */; };
/* End PBXBuildFile section */

/* Begin PBXContainerItemProxy section */
		F9A5CC6925687EEE00577266 /* PBXContainerItemProxy */ = {
			isa = PBXContainerItemProxy;
			containerPortal = F9A5CC4A25687EEB00577266 /* Project object */;
			proxyType = 1;
			remoteGlobalIDString = F9A5CC5125687EEB00577266;
			remoteInfo = MusicShopApp;
		};
		F9A5CC7425687EEE00577266 /* PBXContainerItemProxy */ = {
			isa = PBXContainerItemProxy;
			containerPortal = F9A5CC4A25687EEB00577266 /* Project object */;
			proxyType = 1;
			remoteGlobalIDString = F9A5CC5125687EEB00577266;
			remoteInfo = MusicShopApp;
		};
/* End PBXContainerItemProxy section */

/* Begin PBXFileReference section */
		F9A5CC5225687EEB00577266 /* MusicShopApp.app */ = {isa = PBXFileReference; explicitFileType = wrapper.application; includeInIndex = 0; path = MusicShopApp.app; sourceTree = BUILT_PRODUCTS_DIR; };
		F9A5CC5525687EEB00577266 /* AppDelegate.swift */ = {isa = PBXFileReference; lastKnownFileType = sourcecode.swift; path = AppDelegate.swift; sourceTree = "<group>"; };
		F9A5CC5725687EEB00577266 /* SceneDelegate.swift */ = {isa = PBXFileReference; lastKnownFileType = sourcecode.swift; path = SceneDelegate.swift; sourceTree = "<group>"; };
		F9A5CC5925687EEB00577266 /* ViewController.swift */ = {isa = PBXFileReference; lastKnownFileType = sourcecode.swift; path = ViewController.swift; sourceTree = "<group>"; };
		F9A5CC5C25687EEB00577266 /* Base */ = {isa = PBXFileReference; lastKnownFileType = file.storyboard; name = Base; path = Base.lproj/Main.storyboard; sourceTree = "<group>"; };
		F9A5CC5E25687EEE00577266 /* Assets.xcassets */ = {isa = PBXFileReference; lastKnownFileType = folder.assetcatalog; path = Assets.xcassets; sourceTree = "<group>"; };
		F9A5CC6125687EEE00577266 /* Base */ = {isa = PBXFileReference; lastKnownFileType = file.storyboard; name = Base; path = Base.lproj/LaunchScreen.storyboard; sourceTree = "<group>"; };
		F9A5CC6325687EEE00577266 /* Info.plist */ = {isa = PBXFileReference; lastKnownFileType = text.plist.xml; path = Info.plist; sourceTree = "<group>"; };
		F9A5CC6825687EEE00577266 /* MusicShopAppTests.xctest */ = {isa = PBXFileReference; explicitFileType = wrapper.cfbundle; includeInIndex = 0; path = MusicShopAppTests.xctest; sourceTree = BUILT_PRODUCTS_DIR; };
		F9A5CC6C25687EEE00577266 /* MusicShopAppTests.swift */ = {isa = PBXFileReference; lastKnownFileType = sourcecode.swift; path = MusicShopAppTests.swift; sourceTree = "<group>"; };
		F9A5CC6E25687EEE00577266 /* Info.plist */ = {isa = PBXFileReference; lastKnownFileType = text.plist.xml; path = Info.plist; sourceTree = "<group>"; };
		F9A5CC7325687EEE00577266 /* MusicShopAppUITests.xctest */ = {isa = PBXFileReference; explicitFileType = wrapper.cfbundle; includeInIndex = 0; path = MusicShopAppUITests.xctest; sourceTree = BUILT_PRODUCTS_DIR; };
		F9A5CC7725687EEE00577266 /* MusicShopAppUITests.swift */ = {isa = PBXFileReference; lastKnownFileType = sourcecode.swift; path = MusicShopAppUITests.swift; sourceTree = "<group>"; };
		F9A5CC7925687EEE00577266 /* Info.plist */ = {isa = PBXFileReference; lastKnownFileType = text.plist.xml; path = Info.plist; sourceTree = "<group>"; };
/* End PBXFileReference section */

/* Begin PBXFrameworksBuildPhase section */
		F9A5CC4F25687EEB00577266 /* Frameworks */ = {
			isa = PBXFrameworksBuildPhase;
			buildActionMask = 2147483647;
			files = (
			);
			runOnlyForDeploymentPostprocessing = 0;
		};
		F9A5CC6525687EEE00577266 /* Frameworks */ = {
			isa = PBXFrameworksBuildPhase;
			buildActionMask = 2147483647;
			files = (
			);
			runOnlyForDeploymentPostprocessing = 0;
		};
		F9A5CC7025687EEE00577266 /* Frameworks */ = {
			isa = PBXFrameworksBuildPhase;
			buildActionMask = 2147483647;
			files = (
			);
			runOnlyForDeploymentPostprocessing = 0;
		};
/* End PBXFrameworksBuildPhase section */

/* Begin PBXGroup section */
		F9A5CC4925687EEB00577266 = {
			isa = PBXGroup;
			children = (
				F9A5CC5425687EEB00577266 /* MusicShopApp */,
				F9A5CC6B25687EEE00577266 /* MusicShopAppTests */,
				F9A5CC7625687EEE00577266 /* MusicShopAppUITests */,
				F9A5CC5325687EEB00577266 /* Products */,
			);
			sourceTree = "<group>";
		};
		F9A5CC5325687EEB00577266 /* Products */ = {
			isa = PBXGroup;
			children = (
				F9A5CC5225687EEB00577266 /* MusicShopApp.app */,
				F9A5CC6825687EEE00577266 /* MusicShopAppTests.xctest */,
				F9A5CC7325687EEE00577266 /* MusicShopAppUITests.xctest */,
			);
			name = Products;
			sourceTree = "<group>";
		};
		F9A5CC5425687EEB00577266 /* MusicShopApp */ = {
			isa = PBXGroup;
			children = (
				F9A5CC5525687EEB00577266 /* AppDelegate.swift */,
				F9A5CC5725687EEB00577266 /* SceneDelegate.swift */,
				F9A5CC5925687EEB00577266 /* ViewController.swift */,
				F9A5CC5B25687EEB00577266 /* Main.storyboard */,
				F9A5CC5E25687EEE00577266 /* Assets.xcassets */,
				F9A5CC6025687EEE00577266 /* LaunchScreen.storyboard */,
				F9A5CC6325687EEE00577266 /* Info.plist */,
			);
			path = MusicShopApp;
			sourceTree = "<group>";
		};
		F9A5CC6B25687EEE00577266 /* MusicShopAppTests */ = {
			isa = PBXGroup;
			children = (
				F9A5CC6C25687EEE00577266 /* MusicShopAppTests.swift */,
				F9A5CC6E25687EEE00577266 /* Info.plist */,
			);
			path = MusicShopAppTests;
			sourceTree = "<group>";
		};
		F9A5CC7625687EEE00577266 /* MusicShopAppUITests */ = {
			isa = PBXGroup;
			children = (
				F9A5CC7725687EEE00577266 /* MusicShopAppUITests.swift */,
				F9A5CC7925687EEE00577266 /* Info.plist */,
			);
			path = MusicShopAppUITests;
			sourceTree = "<group>";
		};
/* End PBXGroup section */

/* Begin PBXNativeTarget section */
		F9A5CC5125687EEB00577266 /* MusicShopApp */ = {
			isa = PBXNativeTarget;
			buildConfigurationList = F9A5CC7C25687EEE00577266 /* Build configuration list for PBXNativeTarget "MusicShopApp" */;
			buildPhases = (
				F9A5CC4E25687EEB00577266 /* Sources */,
				F9A5CC4F25687EEB00577266 /* Frameworks */,
				F9A5CC5025687EEB00577266 /* Resources */,
			);
			buildRules = (
			);
			dependencies = (
			);
			name = MusicShopApp;
			productName = MusicShopApp;
			productReference = F9A5CC5225687EEB00577266 /* MusicShopApp.app */;
			productType = "com.apple.product-type.application";
		};
		F9A5CC6725687EEE00577266 /* MusicShopAppTests */ = {
			isa = PBXNativeTarget;
			buildConfigurationList = F9A5CC7F25687EEE00577266 /* Build configuration list for PBXNativeTarget "MusicShopAppTests" */;
			buildPhases = (
				F9A5CC6425687EEE00577266 /* Sources */,
				F9A5CC6525687EEE00577266 /* Frameworks */,
				F9A5CC6625687EEE00577266 /* Resources */,
			);
			buildRules = (
			);
			dependencies = (
				F9A5CC6A25687EEE00577266 /* PBXTargetDependency */,
			);
			name = MusicShopAppTests;
			productName = MusicShopAppTests;
			productReference = F9A5CC6825687EEE00577266 /* MusicShopAppTests.xctest */;
			productType = "com.apple.product-type.bundle.unit-test";
		};
		F9A5CC7225687EEE00577266 /* MusicShopAppUITests */ = {
			isa = PBXNativeTarget;
			buildConfigurationList = F9A5CC8225687EEE00577266 /* Build configuration list for PBXNativeTarget "MusicShopAppUITests" */;
			buildPhases = (
				F9A5CC6F25687EEE00577266 /* Sources */,
				F9A5CC7025687EEE00577266 /* Frameworks */,
				F9A5CC7125687EEE00577266 /* Resources */,
			);
			buildRules = (
			);
			dependencies = (
				F9A5CC7525687EEE00577266 /* PBXTargetDependency */,
			);
			name = MusicShopAppUITests;
			productName = MusicShopAppUITests;
			productReference = F9A5CC7325687EEE00577266 /* MusicShopAppUITests.xctest */;
			productType = "com.apple.product-type.bundle.ui-testing";
		};
/* End PBXNativeTarget section */

/* Begin PBXProject section */
		F9A5CC4A25687EEB00577266 /* Project object */ = {
			isa = PBXProject;
			attributes = {
				LastSwiftUpdateCheck = 1200;
				LastUpgradeCheck = 1200;
				TargetAttributes = {
					F9A5CC5125687EEB00577266 = {
						CreatedOnToolsVersion = 12.0.1;
					};
					F9A5CC6725687EEE00577266 = {
						CreatedOnToolsVersion = 12.0.1;
						TestTargetID = F9A5CC5125687EEB00577266;
					};
					F9A5CC7225687EEE00577266 = {
						CreatedOnToolsVersion = 12.0.1;
						TestTargetID = F9A5CC5125687EEB00577266;
					};
				};
			};
			buildConfigurationList = F9A5CC4D25687EEB00577266 /* Build configuration list for PBXProject "MusicShopApp" */;
			compatibilityVersion = "Xcode 9.3";
			developmentRegion = en;
			hasScannedForEncodings = 0;
			knownRegions = (
				en,
				Base,
			);
			mainGroup = F9A5CC4925687EEB00577266;
			productRefGroup = F9A5CC5325687EEB00577266 /* Products */;
			projectDirPath = "";
			projectRoot = "";
			targets = (
				F9A5CC5125687EEB00577266 /* MusicShopApp */,
				F9A5CC6725687EEE00577266 /* MusicShopAppTests */,
				F9A5CC7225687EEE00577266 /* MusicShopAppUITests */,
			);
		};
/* End PBXProject section */

/* Begin PBXResourcesBuildPhase section */
		F9A5CC5025687EEB00577266 /* Resources */ = {
			isa = PBXResourcesBuildPhase;
			buildActionMask = 2147483647;
			files = (
				F9A5CC6225687EEE00577266 /* LaunchScreen.storyboard in Resources */,
				F9A5CC5F25687EEE00577266 /* Assets.xcassets in Resources */,
				F9A5CC5D25687EEB00577266 /* Main.storyboard in Resources */,
			);
			runOnlyForDeploymentPostprocessing = 0;
		};
		F9A5CC6625687EEE00577266 /* Resources */ = {
			isa = PBXResourcesBuildPhase;
			buildActionMask = 2147483647;
			files = (
			);
			runOnlyForDeploymentPostprocessing = 0;
		};
		F9A5CC7125687EEE00577266 /* Resources */ = {
			isa = PBXResourcesBuildPhase;
			buildActionMask = 2147483647;
			files = (
			);
			runOnlyForDeploymentPostprocessing = 0;
		};
/* End PBXResourcesBuildPhase section */

/* Begin PBXSourcesBuildPhase section */
		F9A5CC4E25687EEB00577266 /* Sources */ = {
			isa = PBXSourcesBuildPhase;
			buildActionMask = 2147483647;
			files = (
				F9A5CC5A25687EEB00577266 /* ViewController.swift in Sources */,
				F9A5CC5625687EEB00577266 /* AppDelegate.swift in Sources */,
				F9A5CC5825687EEB00577266 /* SceneDelegate.swift in Sources */,
			);
			runOnlyForDeploymentPostprocessing = 0;
		};
		F9A5CC6425687EEE00577266 /* Sources */ = {
			isa = PBXSourcesBuildPhase;
			buildActionMask = 2147483647;
			files = (
				F9A5CC6D25687EEE00577266 /* MusicShopAppTests.swift in Sources */,
			);
			runOnlyForDeploymentPostprocessing = 0;
		};
		F9A5CC6F25687EEE00577266 /* Sources */ = {
			isa = PBXSourcesBuildPhase;
			buildActionMask = 2147483647;
			files = (
				F9A5CC7825687EEE00577266 /* MusicShopAppUITests.swift in Sources */,
			);
			runOnlyForDeploymentPostprocessing = 0;
		};
/* End PBXSourcesBuildPhase section */

/* Begin PBXTargetDependency section */
		F9A5CC6A25687EEE00577266 /* PBXTargetDependency */ = {
			isa = PBXTargetDependency;
			target = F9A5CC5125687EEB00577266 /* MusicShopApp */;
			targetProxy = F9A5CC6925687EEE00577266 /* PBXContainerItemProxy */;
		};
		F9A5CC7525687EEE00577266 /* PBXTargetDependency */ = {
			isa = PBXTargetDependency;
			target = F9A5CC5125687EEB00577266 /* MusicShopApp */;
			targetProxy = F9A5CC7425687EEE00577266 /* PBXContainerItemProxy */;
		};
/* End PBXTargetDependency section */

/* Begin PBXVariantGroup section */
		F9A5CC5B25687EEB00577266 /* Main.storyboard */ = {
			isa = PBXVariantGroup;
			children = (
				F9A5CC5C25687EEB00577266 /* Base */,
			);
			name = Main.storyboard;
			sourceTree = "<group>";
		};
		F9A5CC6025687EEE00577266 /* LaunchScreen.storyboard */ = {
			isa = PBXVariantGroup;
			children = (
				F9A5CC6125687EEE00577266 /* Base */,
			);
			name = LaunchScreen.storyboard;
			sourceTree = "<group>";
		};
/* End PBXVariantGroup section */

/* Begin XCBuildConfiguration section */
		F9A5CC7A25687EEE00577266 /* Debug */ = {
			isa = XCBuildConfiguration;
			buildSettings = {
				ALWAYS_SEARCH_USER_PATHS = NO;
				CLANG_ANALYZER_NONNULL = YES;
				CLANG_ANALYZER_NUMBER_OBJECT_CONVERSION = YES_AGGRESSIVE;
				CLANG_CXX_LANGUAGE_STANDARD = "gnu++14";
				CLANG_CXX_LIBRARY = "libc++";
				CLANG_ENABLE_MODULES = YES;
				CLANG_ENABLE_OBJC_ARC = YES;
				CLANG_ENABLE_OBJC_WEAK = YES;
				CLANG_WARN_BLOCK_CAPTURE_AUTORELEASING = YES;
				CLANG_WARN_BOOL_CONVERSION = YES;
				CLANG_WARN_COMMA = YES;
				CLANG_WARN_CONSTANT_CONVERSION = YES;
				CLANG_WARN_DEPRECATED_OBJC_IMPLEMENTATIONS = YES;
				CLANG_WARN_DIRECT_OBJC_ISA_USAGE = YES_ERROR;
				CLANG_WARN_DOCUMENTATION_COMMENTS = YES;
				CLANG_WARN_EMPTY_BODY = YES;
				CLANG_WARN_ENUM_CONVERSION = YES;
				CLANG_WARN_INFINITE_RECURSION = YES;
				CLANG_WARN_INT_CONVERSION = YES;
				CLANG_WARN_NON_LITERAL_NULL_CONVERSION = YES;
				CLANG_WARN_OBJC_IMPLICIT_RETAIN_SELF = YES;
				CLANG_WARN_OBJC_LITERAL_CONVERSION = YES;
				CLANG_WARN_OBJC_ROOT_CLASS = YES_ERROR;
				CLANG_WARN_QUOTED_INCLUDE_IN_FRAMEWORK_HEADER = YES;
				CLANG_WARN_RANGE_LOOP_ANALYSIS = YES;
				CLANG_WARN_STRICT_PROTOTYPES = YES;
				CLANG_WARN_SUSPICIOUS_MOVE = YES;
				CLANG_WARN_UNGUARDED_AVAILABILITY = YES_AGGRESSIVE;
				CLANG_WARN_UNREACHABLE_CODE = YES;
				CLANG_WARN__DUPLICATE_METHOD_MATCH = YES;
				COPY_PHASE_STRIP = NO;
				DEBUG_INFORMATION_FORMAT = dwarf;
				ENABLE_STRICT_OBJC_MSGSEND = YES;
				ENABLE_TESTABILITY = YES;
				GCC_C_LANGUAGE_STANDARD = gnu11;
				GCC_DYNAMIC_NO_PIC = NO;
				GCC_NO_COMMON_BLOCKS = YES;
				GCC_OPTIMIZATION_LEVEL = 0;
				GCC_PREPROCESSOR_DEFINITIONS = (
					"DEBUG=1",
					"$(inherited)",
				);
				GCC_WARN_64_TO_32_BIT_CONVERSION = YES;
				GCC_WARN_ABOUT_RETURN_TYPE = YES_ERROR;
				GCC_WARN_UNDECLARED_SELECTOR = YES;
				GCC_WARN_UNINITIALIZED_AUTOS = YES_AGGRESSIVE;
				GCC_WARN_UNUSED_FUNCTION = YES;
				GCC_WARN_UNUSED_VARIABLE = YES;
				IPHONEOS_DEPLOYMENT_TARGET = 14.0;
				MTL_ENABLE_DEBUG_INFO = INCLUDE_SOURCE;
				MTL_FAST_MATH = YES;
				ONLY_ACTIVE_ARCH = YES;
				SDKROOT = iphoneos;
				SWIFT_ACTIVE_COMPILATION_CONDITIONS = DEBUG;
				SWIFT_OPTIMIZATION_LEVEL = "-Onone";
			};
			name = Debug;
		};
		F9A5CC7B25687EEE00577266 /* Release */ = {
			isa = XCBuildConfiguration;
			buildSettings = {
				ALWAYS_SEARCH_USER_PATHS = NO;
				CLANG_ANALYZER_NONNULL = YES;
				CLANG_ANALYZER_NUMBER_OBJECT_CONVERSION = YES_AGGRESSIVE;
				CLANG_CXX_LANGUAGE_STANDARD = "gnu++14";
				CLANG_CXX_LIBRARY = "libc++";
				CLANG_ENABLE_MODULES = YES;
				CLANG_ENABLE_OBJC_ARC = YES;
				CLANG_ENABLE_OBJC_WEAK = YES;
				CLANG_WARN_BLOCK_CAPTURE_AUTORELEASING = YES;
				CLANG_WARN_BOOL_CONVERSION = YES;
				CLANG_WARN_COMMA = YES;
				CLANG_WARN_CONSTANT_CONVERSION = YES;
				CLANG_WARN_DEPRECATED_OBJC_IMPLEMENTATIONS = YES;
				CLANG_WARN_DIRECT_OBJC_ISA_USAGE = YES_ERROR;
				CLANG_WARN_DOCUMENTATION_COMMENTS = YES;
				CLANG_WARN_EMPTY_BODY = YES;
				CLANG_WARN_ENUM_CONVERSION = YES;
				CLANG_WARN_INFINITE_RECURSION = YES;
				CLANG_WARN_INT_CONVERSION = YES;
				CLANG_WARN_NON_LITERAL_NULL_CONVERSION = YES;
				CLANG_WARN_OBJC_IMPLICIT_RETAIN_SELF = YES;
				CLANG_WARN_OBJC_LITERAL_CONVERSION = YES;
				CLANG_WARN_OBJC_ROOT_CLASS = YES_ERROR;
				CLANG_WARN_QUOTED_INCLUDE_IN_FRAMEWORK_HEADER = YES;
				CLANG_WARN_RANGE_LOOP_ANALYSIS = YES;
				CLANG_WARN_STRICT_PROTOTYPES = YES;
				CLANG_WARN_SUSPICIOUS_MOVE = YES;
				CLANG_WARN_UNGUARDED_AVAILABILITY = YES_AGGRESSIVE;
				CLANG_WARN_UNREACHABLE_CODE = YES;
				CLANG_WARN__DUPLICATE_METHOD_MATCH = YES;
				COPY_PHASE_STRIP = NO;
				DEBUG_INFORMATION_FORMAT = "dwarf-with-dsym";
				ENABLE_NS_ASSERTIONS = NO;
				ENABLE_STRICT_OBJC_MSGSEND = YES;
				GCC_C_LANGUAGE_STANDARD = gnu11;
				GCC_NO_COMMON_BLOCKS = YES;
				GCC_WARN_64_TO_32_BIT_CONVERSION = YES;
				GCC_WARN_ABOUT_RETURN_TYPE = YES_ERROR;
				GCC_WARN_UNDECLARED_SELECTOR = YES;
				GCC_WARN_UNINITIALIZED_AUTOS = YES_AGGRESSIVE;
				GCC_WARN_UNUSED_FUNCTION = YES;
				GCC_WARN_UNUSED_VARIABLE = YES;
				IPHONEOS_DEPLOYMENT_TARGET = 14.0;
				MTL_ENABLE_DEBUG_INFO = NO;
				MTL_FAST_MATH = YES;
				SDKROOT = iphoneos;
				SWIFT_COMPILATION_MODE = wholemodule;
				SWIFT_OPTIMIZATION_LEVEL = "-O";
				VALIDATE_PRODUCT = YES;
			};
			name = Release;
		};
		F9A5CC7D25687EEE00577266 /* Debug */ = {
			isa = XCBuildConfiguration;
			buildSettings = {
				ASSETCATALOG_COMPILER_APPICON_NAME = AppIcon;
				ASSETCATALOG_COMPILER_GLOBAL_ACCENT_COLOR_NAME = AccentColor;
				CODE_SIGN_STYLE = Automatic;
				INFOPLIST_FILE = MusicShopApp/Info.plist;
				LD_RUNPATH_SEARCH_PATHS = (
					"$(inherited)",
					"@executable_path/Frameworks",
				);
				PRODUCT_BUNDLE_IDENTIFIER = edu.monmouth.cs337.s1218375.MusicShopApp;
				PRODUCT_NAME = "$(TARGET_NAME)";
				SWIFT_VERSION = 5.0;
				TARGETED_DEVICE_FAMILY = "1,2";
			};
			name = Debug;
		};
		F9A5CC7E25687EEE00577266 /* Release */ = {
			isa = XCBuildConfiguration;
			buildSettings = {
				ASSETCATALOG_COMPILER_APPICON_NAME = AppIcon;
				ASSETCATALOG_COMPILER_GLOBAL_ACCENT_COLOR_NAME = AccentColor;
				CODE_SIGN_STYLE = Automatic;
				INFOPLIST_FILE = MusicShopApp/Info.plist;
				LD_RUNPATH_SEARCH_PATHS = (
					"$(inherited)",
					"@executable_path/Frameworks",
				);
				PRODUCT_BUNDLE_IDENTIFIER = edu.monmouth.cs337.s1218375.MusicShopApp;
				PRODUCT_NAME = "$(TARGET_NAME)";
				SWIFT_VERSION = 5.0;
				TARGETED_DEVICE_FAMILY = "1,2";
			};
			name = Release;
		};
		F9A5CC8025687EEE00577266 /* Debug */ = {
			isa = XCBuildConfiguration;
			buildSettings = {
				ALWAYS_EMBED_SWIFT_STANDARD_LIBRARIES = YES;
				BUNDLE_LOADER = "$(TEST_HOST)";
				CODE_SIGN_STYLE = Automatic;
				INFOPLIST_FILE = MusicShopAppTests/Info.plist;
				IPHONEOS_DEPLOYMENT_TARGET = 14.0;
				LD_RUNPATH_SEARCH_PATHS = (
					"$(inherited)",
					"@executable_path/Frameworks",
					"@loader_path/Frameworks",
				);
				PRODUCT_BUNDLE_IDENTIFIER = edu.monmouth.cs337.s1218375.MusicShopAppTests;
				PRODUCT_NAME = "$(TARGET_NAME)";
				SWIFT_VERSION = 5.0;
				TARGETED_DEVICE_FAMILY = "1,2";
				TEST_HOST = "$(BUILT_PRODUCTS_DIR)/MusicShopApp.app/MusicShopApp";
			};
			name = Debug;
		};
		F9A5CC8125687EEE00577266 /* Release */ = {
			isa = XCBuildConfiguration;
			buildSettings = {
				ALWAYS_EMBED_SWIFT_STANDARD_LIBRARIES = YES;
				BUNDLE_LOADER = "$(TEST_HOST)";
				CODE_SIGN_STYLE = Automatic;
				INFOPLIST_FILE = MusicShopAppTests/Info.plist;
				IPHONEOS_DEPLOYMENT_TARGET = 14.0;
				LD_RUNPATH_SEARCH_PATHS = (
					"$(inherited)",
					"@executable_path/Frameworks",
					"@loader_path/Frameworks",
				);
				PRODUCT_BUNDLE_IDENTIFIER = edu.monmouth.cs337.s1218375.MusicShopAppTests;
				PRODUCT_NAME = "$(TARGET_NAME)";
				SWIFT_VERSION = 5.0;
				TARGETED_DEVICE_FAMILY = "1,2";
				TEST_HOST = "$(BUILT_PRODUCTS_DIR)/MusicShopApp.app/MusicShopApp";
			};
			name = Release;
		};
		F9A5CC8325687EEE00577266 /* Debug */ = {
			isa = XCBuildConfiguration;
			buildSettings = {
				ALWAYS_EMBED_SWIFT_STANDARD_LIBRARIES = YES;
				CODE_SIGN_STYLE = Automatic;
				INFOPLIST_FILE = MusicShopAppUITests/Info.plist;
				LD_RUNPATH_SEARCH_PATHS = (
					"$(inherited)",
					"@executable_path/Frameworks",
					"@loader_path/Frameworks",
				);
				PRODUCT_BUNDLE_IDENTIFIER = edu.monmouth.cs337.s1218375.MusicShopAppUITests;
				PRODUCT_NAME = "$(TARGET_NAME)";
				SWIFT_VERSION = 5.0;
				TARGETED_DEVICE_FAMILY = "1,2";
				TEST_TARGET_NAME = MusicShopApp;
			};
			name = Debug;
		};
		F9A5CC8425687EEE00577266 /* Release */ = {
			isa = XCBuildConfiguration;
			buildSettings = {
				ALWAYS_EMBED_SWIFT_STANDARD_LIBRARIES = YES;
				CODE_SIGN_STYLE = Automatic;
				INFOPLIST_FILE = MusicShopAppUITests/Info.plist;
				LD_RUNPATH_SEARCH_PATHS = (
					"$(inherited)",
					"@executable_path/Frameworks",
					"@loader_path/Frameworks",
				);
				PRODUCT_BUNDLE_IDENTIFIER = edu.monmouth.cs337.s1218375.MusicShopAppUITests;
				PRODUCT_NAME = "$(TARGET_NAME)";
				SWIFT_VERSION = 5.0;
				TARGETED_DEVICE_FAMILY = "1,2";
				TEST_TARGET_NAME = MusicShopApp;
			};
			name = Release;
		};
/* End XCBuildConfiguration section */

/* Begin XCConfigurationList section */
		F9A5CC4D25687EEB00577266 /* Build configuration list for PBXProject "MusicShopApp" */ = {
			isa = XCConfigurationList;
			buildConfigurations = (
				F9A5CC7A25687EEE00577266 /* Debug */,
				F9A5CC7B25687EEE00577266 /* Release */,
			);
			defaultConfigurationIsVisible = 0;
			defaultConfigurationName = Release;
		};
		F9A5CC7C25687EEE00577266 /* Build configuration list for PBXNativeTarget "MusicShopApp" */ = {
			isa = XCConfigurationList;
			buildConfigurations = (
				F9A5CC7D25687EEE00577266 /* Debug */,
				F9A5CC7E25687EEE00577266 /* Release */,
			);
			defaultConfigurationIsVisible = 0;
			defaultConfigurationName = Release;
		};
		F9A5CC7F25687EEE00577266 /* Build configuration list for PBXNativeTarget "MusicShopAppTests" */ = {
			isa = XCConfigurationList;
			buildConfigurations = (
				F9A5CC8025687EEE00577266 /* Debug */,
				F9A5CC8125687EEE00577266 /* Release */,
			);
			defaultConfigurationIsVisible = 0;
			defaultConfigurationName = Release;
		};
		F9A5CC8225687EEE00577266 /* Build configuration list for PBXNativeTarget "MusicShopAppUITests" */ = {
			isa = XCConfigurationList;
			buildConfigurations = (
				F9A5CC8325687EEE00577266 /* Debug */,
				F9A5CC8425687EEE00577266 /* Release */,
			);
			defaultConfigurationIsVisible = 0;
			defaultConfigurationName = Release;
		};
/* End XCConfigurationList section */
	};
	rootObject = F9A5CC4A25687EEB00577266 /* Project object */;
}
